
Microsoft Visual Studio Solution File, Format Version 12.00
# Visual Studio 14
VisualStudioVersion = 14.0.25123.0
MinimumVisualStudioVersion = 10.0.40219.1
Project("{159641D6-6404-4A2A-AE62-294DE0FE8301}") = "BuildMotionLongitudinalStudyBase", "BuildMotionLongitudinalStudyBase\BuildMotionLongitudinalStudyBase.dtproj", "{77903A23-E4E8-4FAC-ACE9-10DD485BC2C5}"
EndProject
Global
	GlobalSection(SolutionConfigurationPlatforms) = preSolution
		Development|Default = Development|Default
	EndGlobalSection
	GlobalSection(ProjectConfigurationPlatforms) = postSolution
		{77903A23-E4E8-4FAC-ACE9-10DD485BC2C5}.Development|Default.ActiveCfg = Development
		{77903A23-E4E8-4FAC-ACE9-10DD485BC2C5}.Development|Default.Build.0 = Development
	EndGlobalSection
	GlobalSection(SolutionProperties) = preSolution
		HideSolutionNode = FALSE
	EndGlobalSection
EndGlobal
